
Microsoft Visual Studio Solution File, Format Version 12.00
Project("{FAE04EC0-301F-11D3-BF4B-00C04F79EFBC}") = "d-repo", "d-repo\d-repo.csproj", "{B83DAF27-B040-44B6-BB11-F52AEB839E23}"
EndProject
Project("{FAE04EC0-301F-11D3-BF4B-00C04F79EFBC}") = "d-base", "d-base\d-base.csproj", "{8412F262-9D33-49E8-BB1F-AC0662155A25}"
EndProject
Global
	GlobalSection(SolutionConfigurationPlatforms) = preSolution
		Debug|Any CPU = Debug|Any CPU
		Release|Any CPU = Release|Any CPU
	EndGlobalSection
	GlobalSection(ProjectConfigurationPlatforms) = postSolution
		{B83DAF27-B040-44B6-BB11-F52AEB839E23}.Debug|Any CPU.ActiveCfg = Debug|Any CPU
		{B83DAF27-B040-44B6-BB11-F52AEB839E23}.Debug|Any CPU.Build.0 = Debug|Any CPU
		{B83DAF27-B040-44B6-BB11-F52AEB839E23}.Release|Any CPU.ActiveCfg = Release|Any CPU
		{B83DAF27-B040-44B6-BB11-F52AEB839E23}.Release|Any CPU.Build.0 = Release|Any CPU
		{8412F262-9D33-49E8-BB1F-AC0662155A25}.Debug|Any CPU.ActiveCfg = Debug|Any CPU
		{8412F262-9D33-49E8-BB1F-AC0662155A25}.Debug|Any CPU.Build.0 = Debug|Any CPU
		{8412F262-9D33-49E8-BB1F-AC0662155A25}.Release|Any CPU.ActiveCfg = Release|Any CPU
		{8412F262-9D33-49E8-BB1F-AC0662155A25}.Release|Any CPU.Build.0 = Release|Any CPU
	EndGlobalSection
EndGlobal
